// !$*UTF8*$!
{
	archiveVersion = 1;
	classes = {
	};
	objectVersion = 51;
	objects = {

/* Begin PBXBuildFile section */
		257D9E6E89EFD7315C930699 /* Pods_Cuddly.framework in Frameworks */ = {isa = PBXBuildFile; fileRef = E92A7692F82EA2ADCBE95F58 /* Pods_Cuddly.framework */; };
		492EC1FD264B82A100AA391B /* RecipeStepViewController.swift in Sources */ = {isa = PBXBuildFile; fileRef = 492EC1FC264B82A100AA391B /* RecipeStepViewController.swift */; };
		492EC1FF264B8F8000AA391B /* Constants.swift in Sources */ = {isa = PBXBuildFile; fileRef = 492EC1FE264B8F8000AA391B /* Constants.swift */; };
		4932789C264EDF3A003C7936 /* AuthService.swift in Sources */ = {isa = PBXBuildFile; fileRef = 4932789B264EDF3A003C7936 /* AuthService.swift */; };
		493278A726515235003C7936 /* User.swift in Sources */ = {isa = PBXBuildFile; fileRef = 493278A626515235003C7936 /* User.swift */; };
		493278A926515265003C7936 /* UserService.swift in Sources */ = {isa = PBXBuildFile; fileRef = 493278A826515265003C7936 /* UserService.swift */; };
		493278AB26518C86003C7936 /* UserInfoViewController.swift in Sources */ = {isa = PBXBuildFile; fileRef = 493278AA26518C86003C7936 /* UserInfoViewController.swift */; };
		493278AD265192DA003C7936 /* MainTabController.swift in Sources */ = {isa = PBXBuildFile; fileRef = 493278AC265192DA003C7936 /* MainTabController.swift */; };
		495457D6261FF70C0011EE22 /* CustomNavigation.swift in Sources */ = {isa = PBXBuildFile; fileRef = 495457D5261FF70C0011EE22 /* CustomNavigation.swift */; };
		495457F02620376E0011EE22 /* LinkedProductViewController.swift in Sources */ = {isa = PBXBuildFile; fileRef = 495457EF2620376E0011EE22 /* LinkedProductViewController.swift */; };
		495457F3262038B60011EE22 /* UIView+Snapshot.swift in Sources */ = {isa = PBXBuildFile; fileRef = 495457F2262038B60011EE22 /* UIView+Snapshot.swift */; };
		496C3384260C9E5E00B2E35B /* AppDelegate.swift in Sources */ = {isa = PBXBuildFile; fileRef = 496C3383260C9E5E00B2E35B /* AppDelegate.swift */; };
		496C3386260C9E5E00B2E35B /* SceneDelegate.swift in Sources */ = {isa = PBXBuildFile; fileRef = 496C3385260C9E5E00B2E35B /* SceneDelegate.swift */; };
		496C3388260C9E5E00B2E35B /* RecipeListViewController.swift in Sources */ = {isa = PBXBuildFile; fileRef = 496C3387260C9E5E00B2E35B /* RecipeListViewController.swift */; };
		496C338B260C9E5E00B2E35B /* Main.storyboard in Resources */ = {isa = PBXBuildFile; fileRef = 496C3389260C9E5E00B2E35B /* Main.storyboard */; };
		496C338D260C9E6400B2E35B /* Assets.xcassets in Resources */ = {isa = PBXBuildFile; fileRef = 496C338C260C9E6400B2E35B /* Assets.xcassets */; };
		496C3390260C9E6400B2E35B /* LaunchScreen.storyboard in Resources */ = {isa = PBXBuildFile; fileRef = 496C338E260C9E6400B2E35B /* LaunchScreen.storyboard */; };
		496C33A2260DD2D300B2E35B /* RecipeMainViewController.swift in Sources */ = {isa = PBXBuildFile; fileRef = 496C33A1260DD2D300B2E35B /* RecipeMainViewController.swift */; };
		496C33CC26109B0700B2E35B /* RecipeBrain.swift in Sources */ = {isa = PBXBuildFile; fileRef = 496C33CB26109B0700B2E35B /* RecipeBrain.swift */; };
		496C33CF26109B0F00B2E35B /* Recipe.swift in Sources */ = {isa = PBXBuildFile; fileRef = 496C33CE26109B0F00B2E35B /* Recipe.swift */; };
		496C33D226109B1600B2E35B /* Ingredient.swift in Sources */ = {isa = PBXBuildFile; fileRef = 496C33D126109B1600B2E35B /* Ingredient.swift */; };
		496C33D526109B1C00B2E35B /* Step.swift in Sources */ = {isa = PBXBuildFile; fileRef = 496C33D426109B1C00B2E35B /* Step.swift */; };
		496C33D826109B2700B2E35B /* Comment.swift in Sources */ = {isa = PBXBuildFile; fileRef = 496C33D726109B2700B2E35B /* Comment.swift */; };
		496C33DB26109B3400B2E35B /* Product.swift in Sources */ = {isa = PBXBuildFile; fileRef = 496C33DA26109B3400B2E35B /* Product.swift */; };
		49C3673B261B1C32000D5BCD /* CustomTabBarItem.swift in Sources */ = {isa = PBXBuildFile; fileRef = 49C3673A261B1C32000D5BCD /* CustomTabBarItem.swift */; };
		49D2E7D92654389100D4B985 /* UserCell.swift in Sources */ = {isa = PBXBuildFile; fileRef = 49D2E7D82654389100D4B985 /* UserCell.swift */; };
		49F28F12264BA29E005FDF93 /* StepTableViewCell.swift in Sources */ = {isa = PBXBuildFile; fileRef = 49F28F10264BA29E005FDF93 /* StepTableViewCell.swift */; };
		49F28F1A264BDED4005FDF93 /* puppucinoStep3.jpg in Resources */ = {isa = PBXBuildFile; fileRef = 49F28F14264BDED3005FDF93 /* puppucinoStep3.jpg */; };
		49F28F1B264BDED4005FDF93 /* puppucinoStep5.jpg in Resources */ = {isa = PBXBuildFile; fileRef = 49F28F15264BDED3005FDF93 /* puppucinoStep5.jpg */; };
		49F28F1C264BDED4005FDF93 /* puppucinoStep1.jpeg in Resources */ = {isa = PBXBuildFile; fileRef = 49F28F16264BDED4005FDF93 /* puppucinoStep1.jpeg */; };
		49F28F1D264BDED4005FDF93 /* puppucinoStep2.jpg in Resources */ = {isa = PBXBuildFile; fileRef = 49F28F17264BDED4005FDF93 /* puppucinoStep2.jpg */; };
		49F28F1E264BDED4005FDF93 /* puppucinoMain.jpg in Resources */ = {isa = PBXBuildFile; fileRef = 49F28F18264BDED4005FDF93 /* puppucinoMain.jpg */; };
		49F28F1F264BDED4005FDF93 /* puppucinoStep4.jpg in Resources */ = {isa = PBXBuildFile; fileRef = 49F28F19264BDED4005FDF93 /* puppucinoStep4.jpg */; };
		49F28F22264BECE1005FDF93 /* SF-Pro-Display-Semibold.otf in Resources */ = {isa = PBXBuildFile; fileRef = 49F28F21264BEC98005FDF93 /* SF-Pro-Display-Semibold.otf */; };
		49F28F23264BECE3005FDF93 /* SF-Pro-Display-Heavy.otf in Resources */ = {isa = PBXBuildFile; fileRef = 49F28F20264BEC97005FDF93 /* SF-Pro-Display-Heavy.otf */; };
		49F28F48264D6DA9005FDF93 /* RecipeListCell.swift in Sources */ = {isa = PBXBuildFile; fileRef = 49F28F46264D6DA9005FDF93 /* RecipeListCell.swift */; };
		49F28F49264D6DA9005FDF93 /* RecipeListCell.xib in Resources */ = {isa = PBXBuildFile; fileRef = 49F28F47264D6DA9005FDF93 /* RecipeListCell.xib */; };
		49F28F4B264D8D8E005FDF93 /* LogInViewController.swift in Sources */ = {isa = PBXBuildFile; fileRef = 49F28F4A264D8D8E005FDF93 /* LogInViewController.swift */; };
		49F28F4D264D90DF005FDF93 /* RegisterViewController.swift in Sources */ = {isa = PBXBuildFile; fileRef = 49F28F4C264D90DF005FDF93 /* RegisterViewController.swift */; };
		49F28F50264E726B005FDF93 /* GoogleService-Info.plist in Resources */ = {isa = PBXBuildFile; fileRef = 49F28F4F264E726B005FDF93 /* GoogleService-Info.plist */; };
/* End PBXBuildFile section */

/* Begin PBXFileReference section */
		1927082CE8D5FAD6C739AEFE /* Pods-Cuddly.debug.xcconfig */ = {isa = PBXFileReference; includeInIndex = 1; lastKnownFileType = text.xcconfig; name = "Pods-Cuddly.debug.xcconfig"; path = "Target Support Files/Pods-Cuddly/Pods-Cuddly.debug.xcconfig"; sourceTree = "<group>"; };
		492EC1FC264B82A100AA391B /* RecipeStepViewController.swift */ = {isa = PBXFileReference; lastKnownFileType = sourcecode.swift; path = RecipeStepViewController.swift; sourceTree = "<group>"; };
		492EC1FE264B8F8000AA391B /* Constants.swift */ = {isa = PBXFileReference; lastKnownFileType = sourcecode.swift; path = Constants.swift; sourceTree = "<group>"; };
		4932789B264EDF3A003C7936 /* AuthService.swift */ = {isa = PBXFileReference; lastKnownFileType = sourcecode.swift; path = AuthService.swift; sourceTree = "<group>"; };
		493278A626515235003C7936 /* User.swift */ = {isa = PBXFileReference; lastKnownFileType = sourcecode.swift; path = User.swift; sourceTree = "<group>"; };
		493278A826515265003C7936 /* UserService.swift */ = {isa = PBXFileReference; lastKnownFileType = sourcecode.swift; path = UserService.swift; sourceTree = "<group>"; };
		493278AA26518C86003C7936 /* UserInfoViewController.swift */ = {isa = PBXFileReference; lastKnownFileType = sourcecode.swift; path = UserInfoViewController.swift; sourceTree = "<group>"; };
		493278AC265192DA003C7936 /* MainTabController.swift */ = {isa = PBXFileReference; lastKnownFileType = sourcecode.swift; path = MainTabController.swift; sourceTree = "<group>"; };
		495457D5261FF70C0011EE22 /* CustomNavigation.swift */ = {isa = PBXFileReference; lastKnownFileType = sourcecode.swift; path = CustomNavigation.swift; sourceTree = "<group>"; };
		495457EF2620376E0011EE22 /* LinkedProductViewController.swift */ = {isa = PBXFileReference; lastKnownFileType = sourcecode.swift; path = LinkedProductViewController.swift; sourceTree = "<group>"; };
		495457F2262038B60011EE22 /* UIView+Snapshot.swift */ = {isa = PBXFileReference; lastKnownFileType = sourcecode.swift; path = "UIView+Snapshot.swift"; sourceTree = "<group>"; };
		496C3380260C9E5E00B2E35B /* Cuddly.app */ = {isa = PBXFileReference; explicitFileType = wrapper.application; includeInIndex = 0; path = Cuddly.app; sourceTree = BUILT_PRODUCTS_DIR; };
		496C3383260C9E5E00B2E35B /* AppDelegate.swift */ = {isa = PBXFileReference; lastKnownFileType = sourcecode.swift; path = AppDelegate.swift; sourceTree = "<group>"; };
		496C3385260C9E5E00B2E35B /* SceneDelegate.swift */ = {isa = PBXFileReference; lastKnownFileType = sourcecode.swift; path = SceneDelegate.swift; sourceTree = "<group>"; };
		496C3387260C9E5E00B2E35B /* RecipeListViewController.swift */ = {isa = PBXFileReference; lastKnownFileType = sourcecode.swift; path = RecipeListViewController.swift; sourceTree = "<group>"; };
		496C338A260C9E5E00B2E35B /* Base */ = {isa = PBXFileReference; lastKnownFileType = file.storyboard; name = Base; path = Base.lproj/Main.storyboard; sourceTree = "<group>"; };
		496C338C260C9E6400B2E35B /* Assets.xcassets */ = {isa = PBXFileReference; lastKnownFileType = folder.assetcatalog; path = Assets.xcassets; sourceTree = "<group>"; };
		496C338F260C9E6400B2E35B /* Base */ = {isa = PBXFileReference; lastKnownFileType = file.storyboard; name = Base; path = Base.lproj/LaunchScreen.storyboard; sourceTree = "<group>"; };
		496C3391260C9E6400B2E35B /* Info.plist */ = {isa = PBXFileReference; lastKnownFileType = text.plist.xml; path = Info.plist; sourceTree = "<group>"; };
		496C33A1260DD2D300B2E35B /* RecipeMainViewController.swift */ = {isa = PBXFileReference; lastKnownFileType = sourcecode.swift; path = RecipeMainViewController.swift; sourceTree = "<group>"; };
		496C33CB26109B0700B2E35B /* RecipeBrain.swift */ = {isa = PBXFileReference; lastKnownFileType = sourcecode.swift; path = RecipeBrain.swift; sourceTree = "<group>"; };
		496C33CE26109B0F00B2E35B /* Recipe.swift */ = {isa = PBXFileReference; lastKnownFileType = sourcecode.swift; path = Recipe.swift; sourceTree = "<group>"; };
		496C33D126109B1600B2E35B /* Ingredient.swift */ = {isa = PBXFileReference; lastKnownFileType = sourcecode.swift; path = Ingredient.swift; sourceTree = "<group>"; };
		496C33D426109B1C00B2E35B /* Step.swift */ = {isa = PBXFileReference; lastKnownFileType = sourcecode.swift; path = Step.swift; sourceTree = "<group>"; };
		496C33D726109B2700B2E35B /* Comment.swift */ = {isa = PBXFileReference; lastKnownFileType = sourcecode.swift; path = Comment.swift; sourceTree = "<group>"; };
		496C33DA26109B3400B2E35B /* Product.swift */ = {isa = PBXFileReference; lastKnownFileType = sourcecode.swift; path = Product.swift; sourceTree = "<group>"; };
		49C3673A261B1C32000D5BCD /* CustomTabBarItem.swift */ = {isa = PBXFileReference; lastKnownFileType = sourcecode.swift; path = CustomTabBarItem.swift; sourceTree = "<group>"; };
		49D2E7D82654389100D4B985 /* UserCell.swift */ = {isa = PBXFileReference; lastKnownFileType = sourcecode.swift; path = UserCell.swift; sourceTree = "<group>"; };
		49F28F10264BA29E005FDF93 /* StepTableViewCell.swift */ = {isa = PBXFileReference; lastKnownFileType = sourcecode.swift; path = StepTableViewCell.swift; sourceTree = "<group>"; };
		49F28F14264BDED3005FDF93 /* puppucinoStep3.jpg */ = {isa = PBXFileReference; lastKnownFileType = image.jpeg; path = puppucinoStep3.jpg; sourceTree = "<group>"; };
		49F28F15264BDED3005FDF93 /* puppucinoStep5.jpg */ = {isa = PBXFileReference; lastKnownFileType = image.jpeg; path = puppucinoStep5.jpg; sourceTree = "<group>"; };
		49F28F16264BDED4005FDF93 /* puppucinoStep1.jpeg */ = {isa = PBXFileReference; lastKnownFileType = image.jpeg; path = puppucinoStep1.jpeg; sourceTree = "<group>"; };
		49F28F17264BDED4005FDF93 /* puppucinoStep2.jpg */ = {isa = PBXFileReference; lastKnownFileType = image.jpeg; path = puppucinoStep2.jpg; sourceTree = "<group>"; };
		49F28F18264BDED4005FDF93 /* puppucinoMain.jpg */ = {isa = PBXFileReference; lastKnownFileType = image.jpeg; path = puppucinoMain.jpg; sourceTree = "<group>"; };
		49F28F19264BDED4005FDF93 /* puppucinoStep4.jpg */ = {isa = PBXFileReference; lastKnownFileType = image.jpeg; path = puppucinoStep4.jpg; sourceTree = "<group>"; };
		49F28F20264BEC97005FDF93 /* SF-Pro-Display-Heavy.otf */ = {isa = PBXFileReference; lastKnownFileType = file; path = "SF-Pro-Display-Heavy.otf"; sourceTree = "<group>"; };
		49F28F21264BEC98005FDF93 /* SF-Pro-Display-Semibold.otf */ = {isa = PBXFileReference; lastKnownFileType = file; path = "SF-Pro-Display-Semibold.otf"; sourceTree = "<group>"; };
		49F28F46264D6DA9005FDF93 /* RecipeListCell.swift */ = {isa = PBXFileReference; lastKnownFileType = sourcecode.swift; path = RecipeListCell.swift; sourceTree = "<group>"; };
		49F28F47264D6DA9005FDF93 /* RecipeListCell.xib */ = {isa = PBXFileReference; lastKnownFileType = file.xib; path = RecipeListCell.xib; sourceTree = "<group>"; };
		49F28F4A264D8D8E005FDF93 /* LogInViewController.swift */ = {isa = PBXFileReference; lastKnownFileType = sourcecode.swift; path = LogInViewController.swift; sourceTree = "<group>"; };
		49F28F4C264D90DF005FDF93 /* RegisterViewController.swift */ = {isa = PBXFileReference; lastKnownFileType = sourcecode.swift; path = RegisterViewController.swift; sourceTree = "<group>"; };
		49F28F4F264E726B005FDF93 /* GoogleService-Info.plist */ = {isa = PBXFileReference; lastKnownFileType = text.plist; path = "GoogleService-Info.plist"; sourceTree = SOURCE_ROOT; };
		DA7F340CFB0451CF717BF8BB /* Pods-Cuddly.release.xcconfig */ = {isa = PBXFileReference; includeInIndex = 1; lastKnownFileType = text.xcconfig; name = "Pods-Cuddly.release.xcconfig"; path = "Target Support Files/Pods-Cuddly/Pods-Cuddly.release.xcconfig"; sourceTree = "<group>"; };
		E92A7692F82EA2ADCBE95F58 /* Pods_Cuddly.framework */ = {isa = PBXFileReference; explicitFileType = wrapper.framework; includeInIndex = 0; path = Pods_Cuddly.framework; sourceTree = BUILT_PRODUCTS_DIR; };
/* End PBXFileReference section */

/* Begin PBXFrameworksBuildPhase section */
		496C337D260C9E5E00B2E35B /* Frameworks */ = {
			isa = PBXFrameworksBuildPhase;
			buildActionMask = 2147483647;
			files = (
				257D9E6E89EFD7315C930699 /* Pods_Cuddly.framework in Frameworks */,
			);
			runOnlyForDeploymentPostprocessing = 0;
		};
/* End PBXFrameworksBuildPhase section */

/* Begin PBXGroup section */
		2BBE2C4E8D9CAE1E1FE46662 /* Pods */ = {
			isa = PBXGroup;
			children = (
				1927082CE8D5FAD6C739AEFE /* Pods-Cuddly.debug.xcconfig */,
				DA7F340CFB0451CF717BF8BB /* Pods-Cuddly.release.xcconfig */,
			);
			path = Pods;
			sourceTree = "<group>";
		};
		49327899264E8285003C7936 /* Authentication */ = {
			isa = PBXGroup;
			children = (
				49F28F4A264D8D8E005FDF93 /* LogInViewController.swift */,
				49F28F4C264D90DF005FDF93 /* RegisterViewController.swift */,
			);
			path = Authentication;
			sourceTree = "<group>";
		};
		4932789A264EDF0A003C7936 /* API */ = {
			isa = PBXGroup;
			children = (
				4932789B264EDF3A003C7936 /* AuthService.swift */,
				493278A826515265003C7936 /* UserService.swift */,
			);
			path = API;
			sourceTree = "<group>";
		};
		4932789D264FA38C003C7936 /* Recipe */ = {
			isa = PBXGroup;
			children = (
				496C3387260C9E5E00B2E35B /* RecipeListViewController.swift */,
				496C33A1260DD2D300B2E35B /* RecipeMainViewController.swift */,
				492EC1FC264B82A100AA391B /* RecipeStepViewController.swift */,
				49F28F10264BA29E005FDF93 /* StepTableViewCell.swift */,
				495457EF2620376E0011EE22 /* LinkedProductViewController.swift */,
			);
			path = Recipe;
			sourceTree = "<group>";
		};
		493278A526515055003C7936 /* RecipeModel */ = {
			isa = PBXGroup;
			children = (
				495457DB262033540011EE22 /* puppuchino */,
				496C33CB26109B0700B2E35B /* RecipeBrain.swift */,
				496C33CE26109B0F00B2E35B /* Recipe.swift */,
				496C33D126109B1600B2E35B /* Ingredient.swift */,
				496C33D426109B1C00B2E35B /* Step.swift */,
			);
			path = RecipeModel;
			sourceTree = "<group>";
		};
		495457DB262033540011EE22 /* puppuchino */ = {
			isa = PBXGroup;
			children = (
				49F28F18264BDED4005FDF93 /* puppucinoMain.jpg */,
				49F28F16264BDED4005FDF93 /* puppucinoStep1.jpeg */,
				49F28F17264BDED4005FDF93 /* puppucinoStep2.jpg */,
				49F28F14264BDED3005FDF93 /* puppucinoStep3.jpg */,
				49F28F19264BDED4005FDF93 /* puppucinoStep4.jpg */,
				49F28F15264BDED3005FDF93 /* puppucinoStep5.jpg */,
			);
			path = puppuchino;
			sourceTree = "<group>";
		};
		496C3377260C9E5E00B2E35B = {
			isa = PBXGroup;
			children = (
				496C3382260C9E5E00B2E35B /* Cuddly */,
				496C3381260C9E5E00B2E35B /* Products */,
				2BBE2C4E8D9CAE1E1FE46662 /* Pods */,
				BC17313A68F72DF343D2ED24 /* Frameworks */,
			);
			sourceTree = "<group>";
		};
		496C3381260C9E5E00B2E35B /* Products */ = {
			isa = PBXGroup;
			children = (
				496C3380260C9E5E00B2E35B /* Cuddly.app */,
			);
			name = Products;
			sourceTree = "<group>";
		};
		496C3382260C9E5E00B2E35B /* Cuddly */ = {
			isa = PBXGroup;
			children = (
				496C33CA26109AF800B2E35B /* Model */,
				496C3383260C9E5E00B2E35B /* AppDelegate.swift */,
				496C3385260C9E5E00B2E35B /* SceneDelegate.swift */,
				496C3399260CB3BB00B2E35B /* View */,
				496C339F260DD29A00B2E35B /* Controller */,
				4932789A264EDF0A003C7936 /* API */,
				49F28F4E264E54D5005FDF93 /* Utils */,
				496C338C260C9E6400B2E35B /* Assets.xcassets */,
				496C338E260C9E6400B2E35B /* LaunchScreen.storyboard */,
				496C3391260C9E6400B2E35B /* Info.plist */,
				49F28F4F264E726B005FDF93 /* GoogleService-Info.plist */,
				49F28F20264BEC97005FDF93 /* SF-Pro-Display-Heavy.otf */,
				49F28F21264BEC98005FDF93 /* SF-Pro-Display-Semibold.otf */,
			);
			path = Cuddly;
			sourceTree = "<group>";
		};
		496C3399260CB3BB00B2E35B /* View */ = {
			isa = PBXGroup;
			children = (
				496C3389260C9E5E00B2E35B /* Main.storyboard */,
				49C3673A261B1C32000D5BCD /* CustomTabBarItem.swift */,
				49F28F46264D6DA9005FDF93 /* RecipeListCell.swift */,
				49F28F47264D6DA9005FDF93 /* RecipeListCell.xib */,
				49D2E7D82654389100D4B985 /* UserCell.swift */,
			);
			path = View;
			sourceTree = "<group>";
		};
		496C339F260DD29A00B2E35B /* Controller */ = {
			isa = PBXGroup;
			children = (
				49327899264E8285003C7936 /* Authentication */,
				4932789D264FA38C003C7936 /* Recipe */,
				495457D5261FF70C0011EE22 /* CustomNavigation.swift */,
				493278AC265192DA003C7936 /* MainTabController.swift */,
				493278AA26518C86003C7936 /* UserInfoViewController.swift */,
			);
			path = Controller;
			sourceTree = "<group>";
		};
		496C33CA26109AF800B2E35B /* Model */ = {
			isa = PBXGroup;
			children = (
				493278A526515055003C7936 /* RecipeModel */,
				496C33D726109B2700B2E35B /* Comment.swift */,
				496C33DA26109B3400B2E35B /* Product.swift */,
				493278A626515235003C7936 /* User.swift */,
			);
			path = Model;
			sourceTree = "<group>";
		};
		49F28F4E264E54D5005FDF93 /* Utils */ = {
			isa = PBXGroup;
			children = (
				492EC1FE264B8F8000AA391B /* Constants.swift */,
				495457F2262038B60011EE22 /* UIView+Snapshot.swift */,
			);
			path = Utils;
			sourceTree = "<group>";
		};
		BC17313A68F72DF343D2ED24 /* Frameworks */ = {
			isa = PBXGroup;
			children = (
				E92A7692F82EA2ADCBE95F58 /* Pods_Cuddly.framework */,
			);
			name = Frameworks;
			sourceTree = "<group>";
		};
/* End PBXGroup section */

/* Begin PBXNativeTarget section */
		496C337F260C9E5E00B2E35B /* Cuddly */ = {
			isa = PBXNativeTarget;
			buildConfigurationList = 496C3394260C9E6400B2E35B /* Build configuration list for PBXNativeTarget "Cuddly" */;
			buildPhases = (
				9731E66E108891E361963D52 /* [CP] Check Pods Manifest.lock */,
				496C337C260C9E5E00B2E35B /* Sources */,
				496C337D260C9E5E00B2E35B /* Frameworks */,
				496C337E260C9E5E00B2E35B /* Resources */,
				B3C4872DB7066E68296F3DE4 /* [CP] Embed Pods Frameworks */,
			);
			buildRules = (
			);
			dependencies = (
			);
			name = Cuddly;
			productName = Cuddly;
			productReference = 496C3380260C9E5E00B2E35B /* Cuddly.app */;
			productType = "com.apple.product-type.application";
		};
/* End PBXNativeTarget section */

/* Begin PBXProject section */
		496C3378260C9E5E00B2E35B /* Project object */ = {
			isa = PBXProject;
			attributes = {
				LastSwiftUpdateCheck = 1210;
				LastUpgradeCheck = 1210;
				TargetAttributes = {
					496C337F260C9E5E00B2E35B = {
						CreatedOnToolsVersion = 12.1;
					};
				};
			};
			buildConfigurationList = 496C337B260C9E5E00B2E35B /* Build configuration list for PBXProject "Cuddly" */;
			compatibilityVersion = "Xcode 9.3";
			developmentRegion = en;
			hasScannedForEncodings = 0;
			knownRegions = (
				en,
				Base,
			);
			mainGroup = 496C3377260C9E5E00B2E35B;
			productRefGroup = 496C3381260C9E5E00B2E35B /* Products */;
			projectDirPath = "";
			projectRoot = "";
			targets = (
				496C337F260C9E5E00B2E35B /* Cuddly */,
			);
		};
/* End PBXProject section */

/* Begin PBXResourcesBuildPhase section */
		496C337E260C9E5E00B2E35B /* Resources */ = {
			isa = PBXResourcesBuildPhase;
			buildActionMask = 2147483647;
			files = (
				49F28F50264E726B005FDF93 /* GoogleService-Info.plist in Resources */,
				496C3390260C9E6400B2E35B /* LaunchScreen.storyboard in Resources */,
				49F28F23264BECE3005FDF93 /* SF-Pro-Display-Heavy.otf in Resources */,
				49F28F1B264BDED4005FDF93 /* puppucinoStep5.jpg in Resources */,
				49F28F49264D6DA9005FDF93 /* RecipeListCell.xib in Resources */,
				49F28F22264BECE1005FDF93 /* SF-Pro-Display-Semibold.otf in Resources */,
				49F28F1D264BDED4005FDF93 /* puppucinoStep2.jpg in Resources */,
				49F28F1E264BDED4005FDF93 /* puppucinoMain.jpg in Resources */,
				49F28F1C264BDED4005FDF93 /* puppucinoStep1.jpeg in Resources */,
				49F28F1A264BDED4005FDF93 /* puppucinoStep3.jpg in Resources */,
				49F28F1F264BDED4005FDF93 /* puppucinoStep4.jpg in Resources */,
				496C338D260C9E6400B2E35B /* Assets.xcassets in Resources */,
				496C338B260C9E5E00B2E35B /* Main.storyboard in Resources */,
			);
			runOnlyForDeploymentPostprocessing = 0;
		};
/* End PBXResourcesBuildPhase section */

/* Begin PBXShellScriptBuildPhase section */
		9731E66E108891E361963D52 /* [CP] Check Pods Manifest.lock */ = {
			isa = PBXShellScriptBuildPhase;
			buildActionMask = 2147483647;
			files = (
			);
			inputFileListPaths = (
			);
			inputPaths = (
				"${PODS_PODFILE_DIR_PATH}/Podfile.lock",
				"${PODS_ROOT}/Manifest.lock",
			);
			name = "[CP] Check Pods Manifest.lock";
			outputFileListPaths = (
			);
			outputPaths = (
				"$(DERIVED_FILE_DIR)/Pods-Cuddly-checkManifestLockResult.txt",
			);
			runOnlyForDeploymentPostprocessing = 0;
			shellPath = /bin/sh;
			shellScript = "diff \"${PODS_PODFILE_DIR_PATH}/Podfile.lock\" \"${PODS_ROOT}/Manifest.lock\" > /dev/null\nif [ $? != 0 ] ; then\n    # print error to STDERR\n    echo \"error: The sandbox is not in sync with the Podfile.lock. Run 'pod install' or update your CocoaPods installation.\" >&2\n    exit 1\nfi\n# This output is used by Xcode 'outputs' to avoid re-running this script phase.\necho \"SUCCESS\" > \"${SCRIPT_OUTPUT_FILE_0}\"\n";
			showEnvVarsInLog = 0;
		};
		B3C4872DB7066E68296F3DE4 /* [CP] Embed Pods Frameworks */ = {
			isa = PBXShellScriptBuildPhase;
			buildActionMask = 2147483647;
			files = (
			);
			inputFileListPaths = (
				"${PODS_ROOT}/Target Support Files/Pods-Cuddly/Pods-Cuddly-frameworks-${CONFIGURATION}-input-files.xcfilelist",
			);
			name = "[CP] Embed Pods Frameworks";
			outputFileListPaths = (
				"${PODS_ROOT}/Target Support Files/Pods-Cuddly/Pods-Cuddly-frameworks-${CONFIGURATION}-output-files.xcfilelist",
			);
			runOnlyForDeploymentPostprocessing = 0;
			shellPath = /bin/sh;
			shellScript = "\"${PODS_ROOT}/Target Support Files/Pods-Cuddly/Pods-Cuddly-frameworks.sh\"\n";
			showEnvVarsInLog = 0;
		};
/* End PBXShellScriptBuildPhase section */

/* Begin PBXSourcesBuildPhase section */
		496C337C260C9E5E00B2E35B /* Sources */ = {
			isa = PBXSourcesBuildPhase;
			buildActionMask = 2147483647;
			files = (
				493278AB26518C86003C7936 /* UserInfoViewController.swift in Sources */,
				49C3673B261B1C32000D5BCD /* CustomTabBarItem.swift in Sources */,
				4932789C264EDF3A003C7936 /* AuthService.swift in Sources */,
				49F28F4D264D90DF005FDF93 /* RegisterViewController.swift in Sources */,
				495457F02620376E0011EE22 /* LinkedProductViewController.swift in Sources */,
				496C3388260C9E5E00B2E35B /* RecipeListViewController.swift in Sources */,
				496C33D526109B1C00B2E35B /* Step.swift in Sources */,
				495457F3262038B60011EE22 /* UIView+Snapshot.swift in Sources */,
				495457D6261FF70C0011EE22 /* CustomNavigation.swift in Sources */,
				496C33CC26109B0700B2E35B /* RecipeBrain.swift in Sources */,
				496C33D226109B1600B2E35B /* Ingredient.swift in Sources */,
				49F28F4B264D8D8E005FDF93 /* LogInViewController.swift in Sources */,
				493278AD265192DA003C7936 /* MainTabController.swift in Sources */,
				496C33A2260DD2D300B2E35B /* RecipeMainViewController.swift in Sources */,
				496C33CF26109B0F00B2E35B /* Recipe.swift in Sources */,
				496C3384260C9E5E00B2E35B /* AppDelegate.swift in Sources */,
				49F28F12264BA29E005FDF93 /* StepTableViewCell.swift in Sources */,
				496C33DB26109B3400B2E35B /* Product.swift in Sources */,
				49F28F48264D6DA9005FDF93 /* RecipeListCell.swift in Sources */,
				492EC1FD264B82A100AA391B /* RecipeStepViewController.swift in Sources */,
				49D2E7D92654389100D4B985 /* UserCell.swift in Sources */,
				496C33D826109B2700B2E35B /* Comment.swift in Sources */,
				493278A926515265003C7936 /* UserService.swift in Sources */,
				496C3386260C9E5E00B2E35B /* SceneDelegate.swift in Sources */,
				492EC1FF264B8F8000AA391B /* Constants.swift in Sources */,
				493278A726515235003C7936 /* User.swift in Sources */,
			);
			runOnlyForDeploymentPostprocessing = 0;
		};
/* End PBXSourcesBuildPhase section */

/* Begin PBXVariantGroup section */
		496C3389260C9E5E00B2E35B /* Main.storyboard */ = {
			isa = PBXVariantGroup;
			children = (
				496C338A260C9E5E00B2E35B /* Base */,
			);
			name = Main.storyboard;
			sourceTree = "<group>";
		};
		496C338E260C9E6400B2E35B /* LaunchScreen.storyboard */ = {
			isa = PBXVariantGroup;
			children = (
				496C338F260C9E6400B2E35B /* Base */,
			);
			name = LaunchScreen.storyboard;
			sourceTree = "<group>";
		};
/* End PBXVariantGroup section */

/* Begin XCBuildConfiguration section */
		496C3392260C9E6400B2E35B /* Debug */ = {
			isa = XCBuildConfiguration;
			buildSettings = {
				ALWAYS_SEARCH_USER_PATHS = NO;
				CLANG_ANALYZER_NONNULL = YES;
				CLANG_ANALYZER_NUMBER_OBJECT_CONVERSION = YES_AGGRESSIVE;
				CLANG_CXX_LANGUAGE_STANDARD = "gnu++14";
				CLANG_CXX_LIBRARY = "libc++";
				CLANG_ENABLE_MODULES = YES;
				CLANG_ENABLE_OBJC_ARC = YES;
				CLANG_ENABLE_OBJC_WEAK = YES;
				CLANG_WARN_BLOCK_CAPTURE_AUTORELEASING = YES;
				CLANG_WARN_BOOL_CONVERSION = YES;
				CLANG_WARN_COMMA = YES;
				CLANG_WARN_CONSTANT_CONVERSION = YES;
				CLANG_WARN_DEPRECATED_OBJC_IMPLEMENTATIONS = YES;
				CLANG_WARN_DIRECT_OBJC_ISA_USAGE = YES_ERROR;
				CLANG_WARN_DOCUMENTATION_COMMENTS = YES;
				CLANG_WARN_EMPTY_BODY = YES;
				CLANG_WARN_ENUM_CONVERSION = YES;
				CLANG_WARN_INFINITE_RECURSION = YES;
				CLANG_WARN_INT_CONVERSION = YES;
				CLANG_WARN_NON_LITERAL_NULL_CONVERSION = YES;
				CLANG_WARN_OBJC_IMPLICIT_RETAIN_SELF = YES;
				CLANG_WARN_OBJC_LITERAL_CONVERSION = YES;
				CLANG_WARN_OBJC_ROOT_CLASS = YES_ERROR;
				CLANG_WARN_QUOTED_INCLUDE_IN_FRAMEWORK_HEADER = YES;
				CLANG_WARN_RANGE_LOOP_ANALYSIS = YES;
				CLANG_WARN_STRICT_PROTOTYPES = YES;
				CLANG_WARN_SUSPICIOUS_MOVE = YES;
				CLANG_WARN_UNGUARDED_AVAILABILITY = YES_AGGRESSIVE;
				CLANG_WARN_UNREACHABLE_CODE = YES;
				CLANG_WARN__DUPLICATE_METHOD_MATCH = YES;
				COPY_PHASE_STRIP = NO;
				DEBUG_INFORMATION_FORMAT = dwarf;
				ENABLE_STRICT_OBJC_MSGSEND = YES;
				ENABLE_TESTABILITY = YES;
				GCC_C_LANGUAGE_STANDARD = gnu11;
				GCC_DYNAMIC_NO_PIC = NO;
				GCC_NO_COMMON_BLOCKS = YES;
				GCC_OPTIMIZATION_LEVEL = 0;
				GCC_PREPROCESSOR_DEFINITIONS = (
					"DEBUG=1",
					"$(inherited)",
				);
				GCC_WARN_64_TO_32_BIT_CONVERSION = YES;
				GCC_WARN_ABOUT_RETURN_TYPE = YES_ERROR;
				GCC_WARN_UNDECLARED_SELECTOR = YES;
				GCC_WARN_UNINITIALIZED_AUTOS = YES_AGGRESSIVE;
				GCC_WARN_UNUSED_FUNCTION = YES;
				GCC_WARN_UNUSED_VARIABLE = YES;
				IPHONEOS_DEPLOYMENT_TARGET = 14.1;
				MTL_ENABLE_DEBUG_INFO = INCLUDE_SOURCE;
				MTL_FAST_MATH = YES;
				ONLY_ACTIVE_ARCH = YES;
				SDKROOT = iphoneos;
				SWIFT_ACTIVE_COMPILATION_CONDITIONS = DEBUG;
				SWIFT_OPTIMIZATION_LEVEL = "-Onone";
			};
			name = Debug;
		};
		496C3393260C9E6400B2E35B /* Release */ = {
			isa = XCBuildConfiguration;
			buildSettings = {
				ALWAYS_SEARCH_USER_PATHS = NO;
				CLANG_ANALYZER_NONNULL = YES;
				CLANG_ANALYZER_NUMBER_OBJECT_CONVERSION = YES_AGGRESSIVE;
				CLANG_CXX_LANGUAGE_STANDARD = "gnu++14";
				CLANG_CXX_LIBRARY = "libc++";
				CLANG_ENABLE_MODULES = YES;
				CLANG_ENABLE_OBJC_ARC = YES;
				CLANG_ENABLE_OBJC_WEAK = YES;
				CLANG_WARN_BLOCK_CAPTURE_AUTORELEASING = YES;
				CLANG_WARN_BOOL_CONVERSION = YES;
				CLANG_WARN_COMMA = YES;
				CLANG_WARN_CONSTANT_CONVERSION = YES;
				CLANG_WARN_DEPRECATED_OBJC_IMPLEMENTATIONS = YES;
				CLANG_WARN_DIRECT_OBJC_ISA_USAGE = YES_ERROR;
				CLANG_WARN_DOCUMENTATION_COMMENTS = YES;
				CLANG_WARN_EMPTY_BODY = YES;
				CLANG_WARN_ENUM_CONVERSION = YES;
				CLANG_WARN_INFINITE_RECURSION = YES;
				CLANG_WARN_INT_CONVERSION = YES;
				CLANG_WARN_NON_LITERAL_NULL_CONVERSION = YES;
				CLANG_WARN_OBJC_IMPLICIT_RETAIN_SELF = YES;
				CLANG_WARN_OBJC_LITERAL_CONVERSION = YES;
				CLANG_WARN_OBJC_ROOT_CLASS = YES_ERROR;
				CLANG_WARN_QUOTED_INCLUDE_IN_FRAMEWORK_HEADER = YES;
				CLANG_WARN_RANGE_LOOP_ANALYSIS = YES;
				CLANG_WARN_STRICT_PROTOTYPES = YES;
				CLANG_WARN_SUSPICIOUS_MOVE = YES;
				CLANG_WARN_UNGUARDED_AVAILABILITY = YES_AGGRESSIVE;
				CLANG_WARN_UNREACHABLE_CODE = YES;
				CLANG_WARN__DUPLICATE_METHOD_MATCH = YES;
				COPY_PHASE_STRIP = NO;
				DEBUG_INFORMATION_FORMAT = "dwarf-with-dsym";
				ENABLE_NS_ASSERTIONS = NO;
				ENABLE_STRICT_OBJC_MSGSEND = YES;
				GCC_C_LANGUAGE_STANDARD = gnu11;
				GCC_NO_COMMON_BLOCKS = YES;
				GCC_WARN_64_TO_32_BIT_CONVERSION = YES;
				GCC_WARN_ABOUT_RETURN_TYPE = YES_ERROR;
				GCC_WARN_UNDECLARED_SELECTOR = YES;
				GCC_WARN_UNINITIALIZED_AUTOS = YES_AGGRESSIVE;
				GCC_WARN_UNUSED_FUNCTION = YES;
				GCC_WARN_UNUSED_VARIABLE = YES;
				IPHONEOS_DEPLOYMENT_TARGET = 14.1;
				MTL_ENABLE_DEBUG_INFO = NO;
				MTL_FAST_MATH = YES;
				SDKROOT = iphoneos;
				SWIFT_COMPILATION_MODE = wholemodule;
				SWIFT_OPTIMIZATION_LEVEL = "-O";
				VALIDATE_PRODUCT = YES;
			};
			name = Release;
		};
		496C3395260C9E6400B2E35B /* Debug */ = {
			isa = XCBuildConfiguration;
			baseConfigurationReference = 1927082CE8D5FAD6C739AEFE /* Pods-Cuddly.debug.xcconfig */;
			buildSettings = {
				ASSETCATALOG_COMPILER_APPICON_NAME = AppIcon;
				ASSETCATALOG_COMPILER_GLOBAL_ACCENT_COLOR_NAME = AccentColor;
				CODE_SIGN_STYLE = Automatic;
				DEVELOPMENT_TEAM = N5VK5786WM;
				INFOPLIST_FILE = Cuddly/Info.plist;
				LD_RUNPATH_SEARCH_PATHS = (
					"$(inherited)",
					"@executable_path/Frameworks",
				);
				PRODUCT_BUNDLE_IDENTIFIER = com.sanaJeong.dev.Cuddly;
				PRODUCT_NAME = "$(TARGET_NAME)";
				SWIFT_VERSION = 5.0;
				TARGETED_DEVICE_FAMILY = "1,2";
			};
			name = Debug;
		};
		496C3396260C9E6400B2E35B /* Release */ = {
			isa = XCBuildConfiguration;
			baseConfigurationReference = DA7F340CFB0451CF717BF8BB /* Pods-Cuddly.release.xcconfig */;
			buildSettings = {
				ASSETCATALOG_COMPILER_APPICON_NAME = AppIcon;
				ASSETCATALOG_COMPILER_GLOBAL_ACCENT_COLOR_NAME = AccentColor;
				CODE_SIGN_STYLE = Automatic;
				DEVELOPMENT_TEAM = N5VK5786WM;
				INFOPLIST_FILE = Cuddly/Info.plist;
				LD_RUNPATH_SEARCH_PATHS = (
					"$(inherited)",
					"@executable_path/Frameworks",
				);
				PRODUCT_BUNDLE_IDENTIFIER = com.sanaJeong.dev.Cuddly;
				PRODUCT_NAME = "$(TARGET_NAME)";
				SWIFT_VERSION = 5.0;
				TARGETED_DEVICE_FAMILY = "1,2";
			};
			name = Release;
		};
/* End XCBuildConfiguration section */

/* Begin XCConfigurationList section */
		496C337B260C9E5E00B2E35B /* Build configuration list for PBXProject "Cuddly" */ = {
			isa = XCConfigurationList;
			buildConfigurations = (
				496C3392260C9E6400B2E35B /* Debug */,
				496C3393260C9E6400B2E35B /* Release */,
			);
			defaultConfigurationIsVisible = 0;
			defaultConfigurationName = Release;
		};
		496C3394260C9E6400B2E35B /* Build configuration list for PBXNativeTarget "Cuddly" */ = {
			isa = XCConfigurationList;
			buildConfigurations = (
				496C3395260C9E6400B2E35B /* Debug */,
				496C3396260C9E6400B2E35B /* Release */,
			);
			defaultConfigurationIsVisible = 0;
			defaultConfigurationName = Release;
		};
/* End XCConfigurationList section */
	};
	rootObject = 496C3378260C9E5E00B2E35B /* Project object */;
}
