// !$*UTF8*$!
{
	archiveVersion = 1;
	classes = {
	};
	objectVersion = 50;
	objects = {

/* Begin PBXBuildFile section */
		496C3384260C9E5E00B2E35B /* AppDelegate.swift in Sources */ = {isa = PBXBuildFile; fileRef = 496C3383260C9E5E00B2E35B /* AppDelegate.swift */; };
		496C3386260C9E5E00B2E35B /* SceneDelegate.swift in Sources */ = {isa = PBXBuildFile; fileRef = 496C3385260C9E5E00B2E35B /* SceneDelegate.swift */; };
		496C3388260C9E5E00B2E35B /* RecipeListViewController.swift in Sources */ = {isa = PBXBuildFile; fileRef = 496C3387260C9E5E00B2E35B /* RecipeListViewController.swift */; };
		496C338B260C9E5E00B2E35B /* Main.storyboard in Resources */ = {isa = PBXBuildFile; fileRef = 496C3389260C9E5E00B2E35B /* Main.storyboard */; };
		496C338D260C9E6400B2E35B /* Assets.xcassets in Resources */ = {isa = PBXBuildFile; fileRef = 496C338C260C9E6400B2E35B /* Assets.xcassets */; };
		496C3390260C9E6400B2E35B /* LaunchScreen.storyboard in Resources */ = {isa = PBXBuildFile; fileRef = 496C338E260C9E6400B2E35B /* LaunchScreen.storyboard */; };
		496C33A2260DD2D300B2E35B /* RecipeMainViewController.swift in Sources */ = {isa = PBXBuildFile; fileRef = 496C33A1260DD2D300B2E35B /* RecipeMainViewController.swift */; };
		496C33CC26109B0700B2E35B /* RecipeBrain.swift in Sources */ = {isa = PBXBuildFile; fileRef = 496C33CB26109B0700B2E35B /* RecipeBrain.swift */; };
		496C33CF26109B0F00B2E35B /* Recipe.swift in Sources */ = {isa = PBXBuildFile; fileRef = 496C33CE26109B0F00B2E35B /* Recipe.swift */; };
		496C33D226109B1600B2E35B /* Ingredient.swift in Sources */ = {isa = PBXBuildFile; fileRef = 496C33D126109B1600B2E35B /* Ingredient.swift */; };
		496C33D526109B1C00B2E35B /* Step.swift in Sources */ = {isa = PBXBuildFile; fileRef = 496C33D426109B1C00B2E35B /* Step.swift */; };
		496C33D826109B2700B2E35B /* Comment.swift in Sources */ = {isa = PBXBuildFile; fileRef = 496C33D726109B2700B2E35B /* Comment.swift */; };
		496C33DB26109B3400B2E35B /* Product.swift in Sources */ = {isa = PBXBuildFile; fileRef = 496C33DA26109B3400B2E35B /* Product.swift */; };
		496C33DE26109BA100B2E35B /* Target.swift in Sources */ = {isa = PBXBuildFile; fileRef = 496C33DD26109BA100B2E35B /* Target.swift */; };
		49C36738261B1AB9000D5BCD /* CustomTabBarController.swift in Sources */ = {isa = PBXBuildFile; fileRef = 49C36737261B1AB9000D5BCD /* CustomTabBarController.swift */; };
		49C3673B261B1C32000D5BCD /* CustomTabBarItem.swift in Sources */ = {isa = PBXBuildFile; fileRef = 49C3673A261B1C32000D5BCD /* CustomTabBarItem.swift */; };
		49C3673E261C1D8F000D5BCD /* FakeTabBarController.swift in Sources */ = {isa = PBXBuildFile; fileRef = 49C3673D261C1D8E000D5BCD /* FakeTabBarController.swift */; };
		49E036992611C7C800AC979B /* puppucinoMain.jpeg in Resources */ = {isa = PBXBuildFile; fileRef = 49E036982611C7C800AC979B /* puppucinoMain.jpeg */; };
/* End PBXBuildFile section */

/* Begin PBXFileReference section */
		496C3380260C9E5E00B2E35B /* Cuddly.app */ = {isa = PBXFileReference; explicitFileType = wrapper.application; includeInIndex = 0; path = Cuddly.app; sourceTree = BUILT_PRODUCTS_DIR; };
		496C3383260C9E5E00B2E35B /* AppDelegate.swift */ = {isa = PBXFileReference; lastKnownFileType = sourcecode.swift; path = AppDelegate.swift; sourceTree = "<group>"; };
		496C3385260C9E5E00B2E35B /* SceneDelegate.swift */ = {isa = PBXFileReference; lastKnownFileType = sourcecode.swift; path = SceneDelegate.swift; sourceTree = "<group>"; };
		496C3387260C9E5E00B2E35B /* RecipeListViewController.swift */ = {isa = PBXFileReference; lastKnownFileType = sourcecode.swift; path = RecipeListViewController.swift; sourceTree = "<group>"; };
		496C338A260C9E5E00B2E35B /* Base */ = {isa = PBXFileReference; lastKnownFileType = file.storyboard; name = Base; path = Base.lproj/Main.storyboard; sourceTree = "<group>"; };
		496C338C260C9E6400B2E35B /* Assets.xcassets */ = {isa = PBXFileReference; lastKnownFileType = folder.assetcatalog; path = Assets.xcassets; sourceTree = "<group>"; };
		496C338F260C9E6400B2E35B /* Base */ = {isa = PBXFileReference; lastKnownFileType = file.storyboard; name = Base; path = Base.lproj/LaunchScreen.storyboard; sourceTree = "<group>"; };
		496C3391260C9E6400B2E35B /* Info.plist */ = {isa = PBXFileReference; lastKnownFileType = text.plist.xml; path = Info.plist; sourceTree = "<group>"; };
		496C33A1260DD2D300B2E35B /* RecipeMainViewController.swift */ = {isa = PBXFileReference; lastKnownFileType = sourcecode.swift; path = RecipeMainViewController.swift; sourceTree = "<group>"; };
		496C33CB26109B0700B2E35B /* RecipeBrain.swift */ = {isa = PBXFileReference; lastKnownFileType = sourcecode.swift; path = RecipeBrain.swift; sourceTree = "<group>"; };
		496C33CE26109B0F00B2E35B /* Recipe.swift */ = {isa = PBXFileReference; lastKnownFileType = sourcecode.swift; path = Recipe.swift; sourceTree = "<group>"; };
		496C33D126109B1600B2E35B /* Ingredient.swift */ = {isa = PBXFileReference; lastKnownFileType = sourcecode.swift; path = Ingredient.swift; sourceTree = "<group>"; };
		496C33D426109B1C00B2E35B /* Step.swift */ = {isa = PBXFileReference; lastKnownFileType = sourcecode.swift; path = Step.swift; sourceTree = "<group>"; };
		496C33D726109B2700B2E35B /* Comment.swift */ = {isa = PBXFileReference; lastKnownFileType = sourcecode.swift; path = Comment.swift; sourceTree = "<group>"; };
		496C33DA26109B3400B2E35B /* Product.swift */ = {isa = PBXFileReference; lastKnownFileType = sourcecode.swift; path = Product.swift; sourceTree = "<group>"; };
		496C33DD26109BA100B2E35B /* Target.swift */ = {isa = PBXFileReference; lastKnownFileType = sourcecode.swift; path = Target.swift; sourceTree = "<group>"; };
		49C36737261B1AB9000D5BCD /* CustomTabBarController.swift */ = {isa = PBXFileReference; lastKnownFileType = sourcecode.swift; path = CustomTabBarController.swift; sourceTree = "<group>"; };
		49C3673A261B1C32000D5BCD /* CustomTabBarItem.swift */ = {isa = PBXFileReference; lastKnownFileType = sourcecode.swift; path = CustomTabBarItem.swift; sourceTree = "<group>"; };
		49C3673D261C1D8E000D5BCD /* FakeTabBarController.swift */ = {isa = PBXFileReference; lastKnownFileType = sourcecode.swift; path = FakeTabBarController.swift; sourceTree = "<group>"; };
		49E036982611C7C800AC979B /* puppucinoMain.jpeg */ = {isa = PBXFileReference; lastKnownFileType = image.jpeg; path = puppucinoMain.jpeg; sourceTree = "<group>"; };
/* End PBXFileReference section */

/* Begin PBXFrameworksBuildPhase section */
		496C337D260C9E5E00B2E35B /* Frameworks */ = {
			isa = PBXFrameworksBuildPhase;
			buildActionMask = 2147483647;
			files = (
			);
			runOnlyForDeploymentPostprocessing = 0;
		};
/* End PBXFrameworksBuildPhase section */

/* Begin PBXGroup section */
		496C3377260C9E5E00B2E35B = {
			isa = PBXGroup;
			children = (
				496C3382260C9E5E00B2E35B /* Cuddly */,
				496C3381260C9E5E00B2E35B /* Products */,
			);
			sourceTree = "<group>";
		};
		496C3381260C9E5E00B2E35B /* Products */ = {
			isa = PBXGroup;
			children = (
				496C3380260C9E5E00B2E35B /* Cuddly.app */,
			);
			name = Products;
			sourceTree = "<group>";
		};
		496C3382260C9E5E00B2E35B /* Cuddly */ = {
			isa = PBXGroup;
			children = (
				496C33CA26109AF800B2E35B /* Model */,
				496C3383260C9E5E00B2E35B /* AppDelegate.swift */,
				496C3385260C9E5E00B2E35B /* SceneDelegate.swift */,
				496C3399260CB3BB00B2E35B /* View */,
				496C339F260DD29A00B2E35B /* Controller */,
				496C338C260C9E6400B2E35B /* Assets.xcassets */,
				496C338E260C9E6400B2E35B /* LaunchScreen.storyboard */,
				496C3391260C9E6400B2E35B /* Info.plist */,
			);
			path = Cuddly;
			sourceTree = "<group>";
		};
		496C3399260CB3BB00B2E35B /* View */ = {
			isa = PBXGroup;
			children = (
				496C3389260C9E5E00B2E35B /* Main.storyboard */,
				49C3673A261B1C32000D5BCD /* CustomTabBarItem.swift */,
				49C36737261B1AB9000D5BCD /* CustomTabBarController.swift */,
				49C3673D261C1D8E000D5BCD /* FakeTabBarController.swift */,
			);
			path = View;
			sourceTree = "<group>";
		};
		496C339F260DD29A00B2E35B /* Controller */ = {
			isa = PBXGroup;
			children = (
				496C3387260C9E5E00B2E35B /* RecipeListViewController.swift */,
				496C33A1260DD2D300B2E35B /* RecipeMainViewController.swift */,
			);
			path = Controller;
			sourceTree = "<group>";
		};
		496C33CA26109AF800B2E35B /* Model */ = {
			isa = PBXGroup;
			children = (
				496C33CB26109B0700B2E35B /* RecipeBrain.swift */,
				496C33CE26109B0F00B2E35B /* Recipe.swift */,
				496C33D126109B1600B2E35B /* Ingredient.swift */,
				496C33D426109B1C00B2E35B /* Step.swift */,
				496C33D726109B2700B2E35B /* Comment.swift */,
				496C33DA26109B3400B2E35B /* Product.swift */,
				496C33DD26109BA100B2E35B /* Target.swift */,
				49E036982611C7C800AC979B /* puppucinoMain.jpeg */,
			);
			path = Model;
			sourceTree = "<group>";
		};
/* End PBXGroup section */

/* Begin PBXNativeTarget section */
		496C337F260C9E5E00B2E35B /* Cuddly */ = {
			isa = PBXNativeTarget;
			buildConfigurationList = 496C3394260C9E6400B2E35B /* Build configuration list for PBXNativeTarget "Cuddly" */;
			buildPhases = (
				496C337C260C9E5E00B2E35B /* Sources */,
				496C337D260C9E5E00B2E35B /* Frameworks */,
				496C337E260C9E5E00B2E35B /* Resources */,
			);
			buildRules = (
			);
			dependencies = (
			);
			name = Cuddly;
			productName = Cuddly;
			productReference = 496C3380260C9E5E00B2E35B /* Cuddly.app */;
			productType = "com.apple.product-type.application";
		};
/* End PBXNativeTarget section */

/* Begin PBXProject section */
		496C3378260C9E5E00B2E35B /* Project object */ = {
			isa = PBXProject;
			attributes = {
				LastSwiftUpdateCheck = 1210;
				LastUpgradeCheck = 1210;
				TargetAttributes = {
					496C337F260C9E5E00B2E35B = {
						CreatedOnToolsVersion = 12.1;
					};
				};
			};
			buildConfigurationList = 496C337B260C9E5E00B2E35B /* Build configuration list for PBXProject "Cuddly" */;
			compatibilityVersion = "Xcode 9.3";
			developmentRegion = en;
			hasScannedForEncodings = 0;
			knownRegions = (
				en,
				Base,
			);
			mainGroup = 496C3377260C9E5E00B2E35B;
			productRefGroup = 496C3381260C9E5E00B2E35B /* Products */;
			projectDirPath = "";
			projectRoot = "";
			targets = (
				496C337F260C9E5E00B2E35B /* Cuddly */,
			);
		};
/* End PBXProject section */

/* Begin PBXResourcesBuildPhase section */
		496C337E260C9E5E00B2E35B /* Resources */ = {
			isa = PBXResourcesBuildPhase;
			buildActionMask = 2147483647;
			files = (
				496C3390260C9E6400B2E35B /* LaunchScreen.storyboard in Resources */,
				496C338D260C9E6400B2E35B /* Assets.xcassets in Resources */,
				49E036992611C7C800AC979B /* puppucinoMain.jpeg in Resources */,
				496C338B260C9E5E00B2E35B /* Main.storyboard in Resources */,
			);
			runOnlyForDeploymentPostprocessing = 0;
		};
/* End PBXResourcesBuildPhase section */

/* Begin PBXSourcesBuildPhase section */
		496C337C260C9E5E00B2E35B /* Sources */ = {
			isa = PBXSourcesBuildPhase;
			buildActionMask = 2147483647;
			files = (
				49C3673E261C1D8F000D5BCD /* FakeTabBarController.swift in Sources */,
				49C3673B261B1C32000D5BCD /* CustomTabBarItem.swift in Sources */,
				496C3388260C9E5E00B2E35B /* RecipeListViewController.swift in Sources */,
				496C33D526109B1C00B2E35B /* Step.swift in Sources */,
				49C36738261B1AB9000D5BCD /* CustomTabBarController.swift in Sources */,
				496C33CC26109B0700B2E35B /* RecipeBrain.swift in Sources */,
				496C33D226109B1600B2E35B /* Ingredient.swift in Sources */,
				496C33A2260DD2D300B2E35B /* RecipeMainViewController.swift in Sources */,
				496C33CF26109B0F00B2E35B /* Recipe.swift in Sources */,
				496C3384260C9E5E00B2E35B /* AppDelegate.swift in Sources */,
				496C33DE26109BA100B2E35B /* Target.swift in Sources */,
				496C33DB26109B3400B2E35B /* Product.swift in Sources */,
				496C33D826109B2700B2E35B /* Comment.swift in Sources */,
				496C3386260C9E5E00B2E35B /* SceneDelegate.swift in Sources */,
			);
			runOnlyForDeploymentPostprocessing = 0;
		};
/* End PBXSourcesBuildPhase section */

/* Begin PBXVariantGroup section */
		496C3389260C9E5E00B2E35B /* Main.storyboard */ = {
			isa = PBXVariantGroup;
			children = (
				496C338A260C9E5E00B2E35B /* Base */,
			);
			name = Main.storyboard;
			sourceTree = "<group>";
		};
		496C338E260C9E6400B2E35B /* LaunchScreen.storyboard */ = {
			isa = PBXVariantGroup;
			children = (
				496C338F260C9E6400B2E35B /* Base */,
			);
			name = LaunchScreen.storyboard;
			sourceTree = "<group>";
		};
/* End PBXVariantGroup section */

/* Begin XCBuildConfiguration section */
		496C3392260C9E6400B2E35B /* Debug */ = {
			isa = XCBuildConfiguration;
			buildSettings = {
				ALWAYS_SEARCH_USER_PATHS = NO;
				CLANG_ANALYZER_NONNULL = YES;
				CLANG_ANALYZER_NUMBER_OBJECT_CONVERSION = YES_AGGRESSIVE;
				CLANG_CXX_LANGUAGE_STANDARD = "gnu++14";
				CLANG_CXX_LIBRARY = "libc++";
				CLANG_ENABLE_MODULES = YES;
				CLANG_ENABLE_OBJC_ARC = YES;
				CLANG_ENABLE_OBJC_WEAK = YES;
				CLANG_WARN_BLOCK_CAPTURE_AUTORELEASING = YES;
				CLANG_WARN_BOOL_CONVERSION = YES;
				CLANG_WARN_COMMA = YES;
				CLANG_WARN_CONSTANT_CONVERSION = YES;
				CLANG_WARN_DEPRECATED_OBJC_IMPLEMENTATIONS = YES;
				CLANG_WARN_DIRECT_OBJC_ISA_USAGE = YES_ERROR;
				CLANG_WARN_DOCUMENTATION_COMMENTS = YES;
				CLANG_WARN_EMPTY_BODY = YES;
				CLANG_WARN_ENUM_CONVERSION = YES;
				CLANG_WARN_INFINITE_RECURSION = YES;
				CLANG_WARN_INT_CONVERSION = YES;
				CLANG_WARN_NON_LITERAL_NULL_CONVERSION = YES;
				CLANG_WARN_OBJC_IMPLICIT_RETAIN_SELF = YES;
				CLANG_WARN_OBJC_LITERAL_CONVERSION = YES;
				CLANG_WARN_OBJC_ROOT_CLASS = YES_ERROR;
				CLANG_WARN_QUOTED_INCLUDE_IN_FRAMEWORK_HEADER = YES;
				CLANG_WARN_RANGE_LOOP_ANALYSIS = YES;
				CLANG_WARN_STRICT_PROTOTYPES = YES;
				CLANG_WARN_SUSPICIOUS_MOVE = YES;
				CLANG_WARN_UNGUARDED_AVAILABILITY = YES_AGGRESSIVE;
				CLANG_WARN_UNREACHABLE_CODE = YES;
				CLANG_WARN__DUPLICATE_METHOD_MATCH = YES;
				COPY_PHASE_STRIP = NO;
				DEBUG_INFORMATION_FORMAT = dwarf;
				ENABLE_STRICT_OBJC_MSGSEND = YES;
				ENABLE_TESTABILITY = YES;
				GCC_C_LANGUAGE_STANDARD = gnu11;
				GCC_DYNAMIC_NO_PIC = NO;
				GCC_NO_COMMON_BLOCKS = YES;
				GCC_OPTIMIZATION_LEVEL = 0;
				GCC_PREPROCESSOR_DEFINITIONS = (
					"DEBUG=1",
					"$(inherited)",
				);
				GCC_WARN_64_TO_32_BIT_CONVERSION = YES;
				GCC_WARN_ABOUT_RETURN_TYPE = YES_ERROR;
				GCC_WARN_UNDECLARED_SELECTOR = YES;
				GCC_WARN_UNINITIALIZED_AUTOS = YES_AGGRESSIVE;
				GCC_WARN_UNUSED_FUNCTION = YES;
				GCC_WARN_UNUSED_VARIABLE = YES;
				IPHONEOS_DEPLOYMENT_TARGET = 14.1;
				MTL_ENABLE_DEBUG_INFO = INCLUDE_SOURCE;
				MTL_FAST_MATH = YES;
				ONLY_ACTIVE_ARCH = YES;
				SDKROOT = iphoneos;
				SWIFT_ACTIVE_COMPILATION_CONDITIONS = DEBUG;
				SWIFT_OPTIMIZATION_LEVEL = "-Onone";
			};
			name = Debug;
		};
		496C3393260C9E6400B2E35B /* Release */ = {
			isa = XCBuildConfiguration;
			buildSettings = {
				ALWAYS_SEARCH_USER_PATHS = NO;
				CLANG_ANALYZER_NONNULL = YES;
				CLANG_ANALYZER_NUMBER_OBJECT_CONVERSION = YES_AGGRESSIVE;
				CLANG_CXX_LANGUAGE_STANDARD = "gnu++14";
				CLANG_CXX_LIBRARY = "libc++";
				CLANG_ENABLE_MODULES = YES;
				CLANG_ENABLE_OBJC_ARC = YES;
				CLANG_ENABLE_OBJC_WEAK = YES;
				CLANG_WARN_BLOCK_CAPTURE_AUTORELEASING = YES;
				CLANG_WARN_BOOL_CONVERSION = YES;
				CLANG_WARN_COMMA = YES;
				CLANG_WARN_CONSTANT_CONVERSION = YES;
				CLANG_WARN_DEPRECATED_OBJC_IMPLEMENTATIONS = YES;
				CLANG_WARN_DIRECT_OBJC_ISA_USAGE = YES_ERROR;
				CLANG_WARN_DOCUMENTATION_COMMENTS = YES;
				CLANG_WARN_EMPTY_BODY = YES;
				CLANG_WARN_ENUM_CONVERSION = YES;
				CLANG_WARN_INFINITE_RECURSION = YES;
				CLANG_WARN_INT_CONVERSION = YES;
				CLANG_WARN_NON_LITERAL_NULL_CONVERSION = YES;
				CLANG_WARN_OBJC_IMPLICIT_RETAIN_SELF = YES;
				CLANG_WARN_OBJC_LITERAL_CONVERSION = YES;
				CLANG_WARN_OBJC_ROOT_CLASS = YES_ERROR;
				CLANG_WARN_QUOTED_INCLUDE_IN_FRAMEWORK_HEADER = YES;
				CLANG_WARN_RANGE_LOOP_ANALYSIS = YES;
				CLANG_WARN_STRICT_PROTOTYPES = YES;
				CLANG_WARN_SUSPICIOUS_MOVE = YES;
				CLANG_WARN_UNGUARDED_AVAILABILITY = YES_AGGRESSIVE;
				CLANG_WARN_UNREACHABLE_CODE = YES;
				CLANG_WARN__DUPLICATE_METHOD_MATCH = YES;
				COPY_PHASE_STRIP = NO;
				DEBUG_INFORMATION_FORMAT = "dwarf-with-dsym";
				ENABLE_NS_ASSERTIONS = NO;
				ENABLE_STRICT_OBJC_MSGSEND = YES;
				GCC_C_LANGUAGE_STANDARD = gnu11;
				GCC_NO_COMMON_BLOCKS = YES;
				GCC_WARN_64_TO_32_BIT_CONVERSION = YES;
				GCC_WARN_ABOUT_RETURN_TYPE = YES_ERROR;
				GCC_WARN_UNDECLARED_SELECTOR = YES;
				GCC_WARN_UNINITIALIZED_AUTOS = YES_AGGRESSIVE;
				GCC_WARN_UNUSED_FUNCTION = YES;
				GCC_WARN_UNUSED_VARIABLE = YES;
				IPHONEOS_DEPLOYMENT_TARGET = 14.1;
				MTL_ENABLE_DEBUG_INFO = NO;
				MTL_FAST_MATH = YES;
				SDKROOT = iphoneos;
				SWIFT_COMPILATION_MODE = wholemodule;
				SWIFT_OPTIMIZATION_LEVEL = "-O";
				VALIDATE_PRODUCT = YES;
			};
			name = Release;
		};
		496C3395260C9E6400B2E35B /* Debug */ = {
			isa = XCBuildConfiguration;
			buildSettings = {
				ASSETCATALOG_COMPILER_APPICON_NAME = AppIcon;
				ASSETCATALOG_COMPILER_GLOBAL_ACCENT_COLOR_NAME = AccentColor;
				CODE_SIGN_STYLE = Automatic;
				DEVELOPMENT_TEAM = N5VK5786WM;
				INFOPLIST_FILE = Cuddly/Info.plist;
				LD_RUNPATH_SEARCH_PATHS = (
					"$(inherited)",
					"@executable_path/Frameworks",
				);
				PRODUCT_BUNDLE_IDENTIFIER = com.sanaJenog.dev.Cuddly;
				PRODUCT_NAME = "$(TARGET_NAME)";
				SWIFT_VERSION = 5.0;
				TARGETED_DEVICE_FAMILY = "1,2";
			};
			name = Debug;
		};
		496C3396260C9E6400B2E35B /* Release */ = {
			isa = XCBuildConfiguration;
			buildSettings = {
				ASSETCATALOG_COMPILER_APPICON_NAME = AppIcon;
				ASSETCATALOG_COMPILER_GLOBAL_ACCENT_COLOR_NAME = AccentColor;
				CODE_SIGN_STYLE = Automatic;
				DEVELOPMENT_TEAM = N5VK5786WM;
				INFOPLIST_FILE = Cuddly/Info.plist;
				LD_RUNPATH_SEARCH_PATHS = (
					"$(inherited)",
					"@executable_path/Frameworks",
				);
				PRODUCT_BUNDLE_IDENTIFIER = com.sanaJenog.dev.Cuddly;
				PRODUCT_NAME = "$(TARGET_NAME)";
				SWIFT_VERSION = 5.0;
				TARGETED_DEVICE_FAMILY = "1,2";
			};
			name = Release;
		};
/* End XCBuildConfiguration section */

/* Begin XCConfigurationList section */
		496C337B260C9E5E00B2E35B /* Build configuration list for PBXProject "Cuddly" */ = {
			isa = XCConfigurationList;
			buildConfigurations = (
				496C3392260C9E6400B2E35B /* Debug */,
				496C3393260C9E6400B2E35B /* Release */,
			);
			defaultConfigurationIsVisible = 0;
			defaultConfigurationName = Release;
		};
		496C3394260C9E6400B2E35B /* Build configuration list for PBXNativeTarget "Cuddly" */ = {
			isa = XCConfigurationList;
			buildConfigurations = (
				496C3395260C9E6400B2E35B /* Debug */,
				496C3396260C9E6400B2E35B /* Release */,
			);
			defaultConfigurationIsVisible = 0;
			defaultConfigurationName = Release;
		};
/* End XCConfigurationList section */
	};
	rootObject = 496C3378260C9E5E00B2E35B /* Project object */;
}
